{
  "version": 4,
  "terraform_version": "1.14.1",
  "serial": 126,
  "lineage": "cd653ab7-7153-6516-cd93-851f4907192c",
  "outputs": {},
  "resources": [
    {
      "mode": "managed",
      "type": "aws_backup_vault",
      "name": "hourly_vault",
      "provider": "provider[\"registry.terraform.io/hashicorp/aws\"]",
      "instances": [
        {
          "schema_version": 0,
          "attributes": {
            "arn": "arn:aws:backup:ap-northeast-2:005805645257:backup-vault:terraform-hourly-vault",
            "force_destroy": false,
            "id": "terraform-hourly-vault",
            "kms_key_arn": "arn:aws:kms:ap-northeast-2:005805645257:key/937855db-7626-4444-9d8d-64e35f1a3411",
            "name": "terraform-hourly-vault",
            "recovery_points": 6,
            "region": "ap-northeast-2",
            "tags": {},
            "tags_all": {},
            "timeouts": null
          },
          "sensitive_attributes": [],
          "identity_schema_version": 0,
          "private": "eyJlMmJmYjczMC1lY2FhLTExZTYtOGY4OC0zNDM2M2JjN2M0YzAiOnsiZGVsZXRlIjo2MDAwMDAwMDAwMDB9fQ=="
        }
      ]
    }
  ],
  "check_results": null
}
